
Microsoft Visual Studio Solution File, Format Version 12.00
# Visual Studio Version 16
VisualStudioVersion = 16.0.29911.84
MinimumVisualStudioVersion = 10.0.40219.1
Project("{FAE04EC0-301F-11D3-BF4B-00C04F79EFBC}") = "RazorPagesMovie", "RazorPagesMovie.csproj", "{DA7BD17E-0D89-48EA-A3D1-1CBC54DCB6E6}"
EndProject
Global
	GlobalSection(SolutionConfigurationPlatforms) = preSolution
		Debug|Any CPU = Debug|Any CPU
		Release|Any CPU = Release|Any CPU
	EndGlobalSection
	GlobalSection(ProjectConfigurationPlatforms) = postSolution
		{DA7BD17E-0D89-48EA-A3D1-1CBC54DCB6E6}.Debug|Any CPU.ActiveCfg = Debug|Any CPU
		{DA7BD17E-0D89-48EA-A3D1-1CBC54DCB6E6}.Debug|Any CPU.Build.0 = Debug|Any CPU
		{DA7BD17E-0D89-48EA-A3D1-1CBC54DCB6E6}.Release|Any CPU.ActiveCfg = Release|Any CPU
		{DA7BD17E-0D89-48EA-A3D1-1CBC54DCB6E6}.Release|Any CPU.Build.0 = Release|Any CPU
	EndGlobalSection
	GlobalSection(SolutionProperties) = preSolution
		HideSolutionNode = FALSE
	EndGlobalSection
	GlobalSection(ExtensibilityGlobals) = postSolution
		SolutionGuid = {B5D67014-CF8B-4CA3-AD2E-9B81C5789609}
	EndGlobalSection
EndGlobal
